// !$*UTF8*$!
{
	archiveVersion = 1;
	classes = {
	};
	objectVersion = 56;
	objects = {

/* Begin PBXBuildFile section */
		1A92C1E02B0ED502009C4F0F /* AppDelegate.swift in Sources */ = {isa = PBXBuildFile; fileRef = 1A92C1DF2B0ED502009C4F0F /* AppDelegate.swift */; };
		1A92C1E22B0ED502009C4F0F /* SceneDelegate.swift in Sources */ = {isa = PBXBuildFile; fileRef = 1A92C1E12B0ED502009C4F0F /* SceneDelegate.swift */; };
		1A92C1E42B0ED502009C4F0F /* ViewController.swift in Sources */ = {isa = PBXBuildFile; fileRef = 1A92C1E32B0ED502009C4F0F /* ViewController.swift */; };
		1A92C1E72B0ED502009C4F0F /* Main.storyboard in Resources */ = {isa = PBXBuildFile; fileRef = 1A92C1E52B0ED502009C4F0F /* Main.storyboard */; };
		1A92C1E92B0ED503009C4F0F /* Assets.xcassets in Resources */ = {isa = PBXBuildFile; fileRef = 1A92C1E82B0ED503009C4F0F /* Assets.xcassets */; };
		1A92C1EC2B0ED503009C4F0F /* LaunchScreen.storyboard in Resources */ = {isa = PBXBuildFile; fileRef = 1A92C1EA2B0ED503009C4F0F /* LaunchScreen.storyboard */; };
		1A92C1F62B0EF385009C4F0F /* Contact Manager.swift in Sources */ = {isa = PBXBuildFile; fileRef = 1A92C1F42B0EF385009C4F0F /* Contact Manager.swift */; };
		1A92C2052B0EF4AD009C4F0F /* ContactViewController.swift in Sources */ = {isa = PBXBuildFile; fileRef = 1A92C2032B0EF4AD009C4F0F /* ContactViewController.swift */; };
		1A92C2062B0EF4AD009C4F0F /* ContactViewController.xib in Resources */ = {isa = PBXBuildFile; fileRef = 1A92C2042B0EF4AD009C4F0F /* ContactViewController.xib */; };
		1A92C2092B0EF5B9009C4F0F /* ContactTableViewCell.swift in Sources */ = {isa = PBXBuildFile; fileRef = 1A92C2072B0EF5B9009C4F0F /* ContactTableViewCell.swift */; };
		1A92C20A2B0EF5B9009C4F0F /* ContactTableViewCell.xib in Resources */ = {isa = PBXBuildFile; fileRef = 1A92C2082B0EF5B9009C4F0F /* ContactTableViewCell.xib */; };
/* End PBXBuildFile section */

/* Begin PBXFileReference section */
		1A92C1DC2B0ED502009C4F0F /* iContact.app */ = {isa = PBXFileReference; explicitFileType = wrapper.application; includeInIndex = 0; path = iContact.app; sourceTree = BUILT_PRODUCTS_DIR; };
		1A92C1DF2B0ED502009C4F0F /* AppDelegate.swift */ = {isa = PBXFileReference; lastKnownFileType = sourcecode.swift; path = AppDelegate.swift; sourceTree = "<group>"; };
		1A92C1E12B0ED502009C4F0F /* SceneDelegate.swift */ = {isa = PBXFileReference; lastKnownFileType = sourcecode.swift; path = SceneDelegate.swift; sourceTree = "<group>"; };
		1A92C1E32B0ED502009C4F0F /* ViewController.swift */ = {isa = PBXFileReference; lastKnownFileType = sourcecode.swift; path = ViewController.swift; sourceTree = "<group>"; };
		1A92C1E62B0ED502009C4F0F /* Base */ = {isa = PBXFileReference; lastKnownFileType = file.storyboard; name = Base; path = Base.lproj/Main.storyboard; sourceTree = "<group>"; };
		1A92C1E82B0ED503009C4F0F /* Assets.xcassets */ = {isa = PBXFileReference; lastKnownFileType = folder.assetcatalog; path = Assets.xcassets; sourceTree = "<group>"; };
		1A92C1EB2B0ED503009C4F0F /* Base */ = {isa = PBXFileReference; lastKnownFileType = file.storyboard; name = Base; path = Base.lproj/LaunchScreen.storyboard; sourceTree = "<group>"; };
		1A92C1ED2B0ED503009C4F0F /* Info.plist */ = {isa = PBXFileReference; lastKnownFileType = text.plist.xml; path = Info.plist; sourceTree = "<group>"; };
		1A92C1F42B0EF385009C4F0F /* Contact Manager.swift */ = {isa = PBXFileReference; lastKnownFileType = sourcecode.swift; path = "Contact Manager.swift"; sourceTree = "<group>"; };
		1A92C2032B0EF4AD009C4F0F /* ContactViewController.swift */ = {isa = PBXFileReference; lastKnownFileType = sourcecode.swift; path = ContactViewController.swift; sourceTree = "<group>"; };
		1A92C2042B0EF4AD009C4F0F /* ContactViewController.xib */ = {isa = PBXFileReference; lastKnownFileType = file.xib; path = ContactViewController.xib; sourceTree = "<group>"; };
		1A92C2072B0EF5B9009C4F0F /* ContactTableViewCell.swift */ = {isa = PBXFileReference; lastKnownFileType = sourcecode.swift; path = ContactTableViewCell.swift; sourceTree = "<group>"; };
		1A92C2082B0EF5B9009C4F0F /* ContactTableViewCell.xib */ = {isa = PBXFileReference; lastKnownFileType = file.xib; path = ContactTableViewCell.xib; sourceTree = "<group>"; };
/* End PBXFileReference section */

/* Begin PBXFrameworksBuildPhase section */
		1A92C1D92B0ED502009C4F0F /* Frameworks */ = {
			isa = PBXFrameworksBuildPhase;
			buildActionMask = 2147483647;
			files = (
			);
			runOnlyForDeploymentPostprocessing = 0;
		};
/* End PBXFrameworksBuildPhase section */

/* Begin PBXGroup section */
		1A92C1D32B0ED502009C4F0F = {
			isa = PBXGroup;
			children = (
				1A92C1DE2B0ED502009C4F0F /* iContact */,
				1A92C1DD2B0ED502009C4F0F /* Products */,
			);
			sourceTree = "<group>";
		};
		1A92C1DD2B0ED502009C4F0F /* Products */ = {
			isa = PBXGroup;
			children = (
				1A92C1DC2B0ED502009C4F0F /* iContact.app */,
			);
			name = Products;
			sourceTree = "<group>";
		};
		1A92C1DE2B0ED502009C4F0F /* iContact */ = {
			isa = PBXGroup;
			children = (
				1A92C1ED2B0ED503009C4F0F /* Info.plist */,
				1A92C1F82B0EF3D7009C4F0F /* App */,
				1A92C1F32B0EEFDD009C4F0F /* Manager */,
				1A92C1FA2B0EF425009C4F0F /* Resource */,
			);
			path = iContact;
			sourceTree = "<group>";
		};
		1A92C1F32B0EEFDD009C4F0F /* Manager */ = {
			isa = PBXGroup;
			children = (
				1A92C1F42B0EF385009C4F0F /* Contact Manager.swift */,
			);
			path = Manager;
			sourceTree = "<group>";
		};
		1A92C1F82B0EF3D7009C4F0F /* App */ = {
			isa = PBXGroup;
			children = (
				1A92C1DF2B0ED502009C4F0F /* AppDelegate.swift */,
				1A92C1E12B0ED502009C4F0F /* SceneDelegate.swift */,
				1A92C1F92B0EF402009C4F0F /* View */,
			);
			path = App;
			sourceTree = "<group>";
		};
		1A92C1F92B0EF402009C4F0F /* View */ = {
			isa = PBXGroup;
			children = (
				1A92C1E32B0ED502009C4F0F /* ViewController.swift */,
				1A92C1E52B0ED502009C4F0F /* Main.storyboard */,
				1A92C1EA2B0ED503009C4F0F /* LaunchScreen.storyboard */,
				1A92C2032B0EF4AD009C4F0F /* ContactViewController.swift */,
				1A92C2042B0EF4AD009C4F0F /* ContactViewController.xib */,
				1A92C2072B0EF5B9009C4F0F /* ContactTableViewCell.swift */,
				1A92C2082B0EF5B9009C4F0F /* ContactTableViewCell.xib */,
			);
			path = View;
			sourceTree = "<group>";
		};
		1A92C1FA2B0EF425009C4F0F /* Resource */ = {
			isa = PBXGroup;
			children = (
				1A92C1E82B0ED503009C4F0F /* Assets.xcassets */,
			);
			path = Resource;
			sourceTree = "<group>";
		};
/* End PBXGroup section */

/* Begin PBXNativeTarget section */
		1A92C1DB2B0ED502009C4F0F /* iContact */ = {
			isa = PBXNativeTarget;
			buildConfigurationList = 1A92C1F02B0ED503009C4F0F /* Build configuration list for PBXNativeTarget "iContact" */;
			buildPhases = (
				1A92C1D82B0ED502009C4F0F /* Sources */,
				1A92C1D92B0ED502009C4F0F /* Frameworks */,
				1A92C1DA2B0ED502009C4F0F /* Resources */,
			);
			buildRules = (
			);
			dependencies = (
			);
			name = iContact;
			productName = iContact;
			productReference = 1A92C1DC2B0ED502009C4F0F /* iContact.app */;
			productType = "com.apple.product-type.application";
		};
/* End PBXNativeTarget section */

/* Begin PBXProject section */
		1A92C1D42B0ED502009C4F0F /* Project object */ = {
			isa = PBXProject;
			attributes = {
				BuildIndependentTargetsInParallel = 1;
				LastSwiftUpdateCheck = 1500;
				LastUpgradeCheck = 1500;
				TargetAttributes = {
					1A92C1DB2B0ED502009C4F0F = {
						CreatedOnToolsVersion = 15.0.1;
					};
				};
			};
			buildConfigurationList = 1A92C1D72B0ED502009C4F0F /* Build configuration list for PBXProject "iContact" */;
			compatibilityVersion = "Xcode 14.0";
			developmentRegion = en;
			hasScannedForEncodings = 0;
			knownRegions = (
				en,
				Base,
			);
			mainGroup = 1A92C1D32B0ED502009C4F0F;
			productRefGroup = 1A92C1DD2B0ED502009C4F0F /* Products */;
			projectDirPath = "";
			projectRoot = "";
			targets = (
				1A92C1DB2B0ED502009C4F0F /* iContact */,
			);
		};
/* End PBXProject section */

/* Begin PBXResourcesBuildPhase section */
		1A92C1DA2B0ED502009C4F0F /* Resources */ = {
			isa = PBXResourcesBuildPhase;
			buildActionMask = 2147483647;
			files = (
				1A92C2062B0EF4AD009C4F0F /* ContactViewController.xib in Resources */,
				1A92C1EC2B0ED503009C4F0F /* LaunchScreen.storyboard in Resources */,
				1A92C1E92B0ED503009C4F0F /* Assets.xcassets in Resources */,
				1A92C20A2B0EF5B9009C4F0F /* ContactTableViewCell.xib in Resources */,
				1A92C1E72B0ED502009C4F0F /* Main.storyboard in Resources */,
			);
			runOnlyForDeploymentPostprocessing = 0;
		};
/* End PBXResourcesBuildPhase section */

/* Begin PBXSourcesBuildPhase section */
		1A92C1D82B0ED502009C4F0F /* Sources */ = {
			isa = PBXSourcesBuildPhase;
			buildActionMask = 2147483647;
			files = (
				1A92C2092B0EF5B9009C4F0F /* ContactTableViewCell.swift in Sources */,
				1A92C1E42B0ED502009C4F0F /* ViewController.swift in Sources */,
				1A92C1E02B0ED502009C4F0F /* AppDelegate.swift in Sources */,
				1A92C1E22B0ED502009C4F0F /* SceneDelegate.swift in Sources */,
				1A92C1F62B0EF385009C4F0F /* Contact Manager.swift in Sources */,
				1A92C2052B0EF4AD009C4F0F /* ContactViewController.swift in Sources */,
			);
			runOnlyForDeploymentPostprocessing = 0;
		};
/* End PBXSourcesBuildPhase section */

/* Begin PBXVariantGroup section */
		1A92C1E52B0ED502009C4F0F /* Main.storyboard */ = {
			isa = PBXVariantGroup;
			children = (
				1A92C1E62B0ED502009C4F0F /* Base */,
			);
			name = Main.storyboard;
			sourceTree = "<group>";
		};
		1A92C1EA2B0ED503009C4F0F /* LaunchScreen.storyboard */ = {
			isa = PBXVariantGroup;
			children = (
				1A92C1EB2B0ED503009C4F0F /* Base */,
			);
			name = LaunchScreen.storyboard;
			sourceTree = "<group>";
		};
/* End PBXVariantGroup section */

/* Begin XCBuildConfiguration section */
		1A92C1EE2B0ED503009C4F0F /* Debug */ = {
			isa = XCBuildConfiguration;
			buildSettings = {
				ALWAYS_SEARCH_USER_PATHS = NO;
				ASSETCATALOG_COMPILER_GENERATE_SWIFT_ASSET_SYMBOL_EXTENSIONS = YES;
				CLANG_ANALYZER_NONNULL = YES;
				CLANG_ANALYZER_NUMBER_OBJECT_CONVERSION = YES_AGGRESSIVE;
				CLANG_CXX_LANGUAGE_STANDARD = "gnu++20";
				CLANG_ENABLE_MODULES = YES;
				CLANG_ENABLE_OBJC_ARC = YES;
				CLANG_ENABLE_OBJC_WEAK = YES;
				CLANG_WARN_BLOCK_CAPTURE_AUTORELEASING = YES;
				CLANG_WARN_BOOL_CONVERSION = YES;
				CLANG_WARN_COMMA = YES;
				CLANG_WARN_CONSTANT_CONVERSION = YES;
				CLANG_WARN_DEPRECATED_OBJC_IMPLEMENTATIONS = YES;
				CLANG_WARN_DIRECT_OBJC_ISA_USAGE = YES_ERROR;
				CLANG_WARN_DOCUMENTATION_COMMENTS = YES;
				CLANG_WARN_EMPTY_BODY = YES;
				CLANG_WARN_ENUM_CONVERSION = YES;
				CLANG_WARN_INFINITE_RECURSION = YES;
				CLANG_WARN_INT_CONVERSION = YES;
				CLANG_WARN_NON_LITERAL_NULL_CONVERSION = YES;
				CLANG_WARN_OBJC_IMPLICIT_RETAIN_SELF = YES;
				CLANG_WARN_OBJC_LITERAL_CONVERSION = YES;
				CLANG_WARN_OBJC_ROOT_CLASS = YES_ERROR;
				CLANG_WARN_QUOTED_INCLUDE_IN_FRAMEWORK_HEADER = YES;
				CLANG_WARN_RANGE_LOOP_ANALYSIS = YES;
				CLANG_WARN_STRICT_PROTOTYPES = YES;
				CLANG_WARN_SUSPICIOUS_MOVE = YES;
				CLANG_WARN_UNGUARDED_AVAILABILITY = YES_AGGRESSIVE;
				CLANG_WARN_UNREACHABLE_CODE = YES;
				CLANG_WARN__DUPLICATE_METHOD_MATCH = YES;
				COPY_PHASE_STRIP = NO;
				DEBUG_INFORMATION_FORMAT = dwarf;
				ENABLE_STRICT_OBJC_MSGSEND = YES;
				ENABLE_TESTABILITY = YES;
				ENABLE_USER_SCRIPT_SANDBOXING = YES;
				GCC_C_LANGUAGE_STANDARD = gnu17;
				GCC_DYNAMIC_NO_PIC = NO;
				GCC_NO_COMMON_BLOCKS = YES;
				GCC_OPTIMIZATION_LEVEL = 0;
				GCC_PREPROCESSOR_DEFINITIONS = (
					"DEBUG=1",
					"$(inherited)",
				);
				GCC_WARN_64_TO_32_BIT_CONVERSION = YES;
				GCC_WARN_ABOUT_RETURN_TYPE = YES_ERROR;
				GCC_WARN_UNDECLARED_SELECTOR = YES;
				GCC_WARN_UNINITIALIZED_AUTOS = YES_AGGRESSIVE;
				GCC_WARN_UNUSED_FUNCTION = YES;
				GCC_WARN_UNUSED_VARIABLE = YES;
				IPHONEOS_DEPLOYMENT_TARGET = 17.0;
				LOCALIZATION_PREFERS_STRING_CATALOGS = YES;
				MTL_ENABLE_DEBUG_INFO = INCLUDE_SOURCE;
				MTL_FAST_MATH = YES;
				ONLY_ACTIVE_ARCH = YES;
				SDKROOT = iphoneos;
				SWIFT_ACTIVE_COMPILATION_CONDITIONS = "DEBUG $(inherited)";
				SWIFT_OPTIMIZATION_LEVEL = "-Onone";
			};
			name = Debug;
		};
		1A92C1EF2B0ED503009C4F0F /* Release */ = {
			isa = XCBuildConfiguration;
			buildSettings = {
				ALWAYS_SEARCH_USER_PATHS = NO;
				ASSETCATALOG_COMPILER_GENERATE_SWIFT_ASSET_SYMBOL_EXTENSIONS = YES;
				CLANG_ANALYZER_NONNULL = YES;
				CLANG_ANALYZER_NUMBER_OBJECT_CONVERSION = YES_AGGRESSIVE;
				CLANG_CXX_LANGUAGE_STANDARD = "gnu++20";
				CLANG_ENABLE_MODULES = YES;
				CLANG_ENABLE_OBJC_ARC = YES;
				CLANG_ENABLE_OBJC_WEAK = YES;
				CLANG_WARN_BLOCK_CAPTURE_AUTORELEASING = YES;
				CLANG_WARN_BOOL_CONVERSION = YES;
				CLANG_WARN_COMMA = YES;
				CLANG_WARN_CONSTANT_CONVERSION = YES;
				CLANG_WARN_DEPRECATED_OBJC_IMPLEMENTATIONS = YES;
				CLANG_WARN_DIRECT_OBJC_ISA_USAGE = YES_ERROR;
				CLANG_WARN_DOCUMENTATION_COMMENTS = YES;
				CLANG_WARN_EMPTY_BODY = YES;
				CLANG_WARN_ENUM_CONVERSION = YES;
				CLANG_WARN_INFINITE_RECURSION = YES;
				CLANG_WARN_INT_CONVERSION = YES;
				CLANG_WARN_NON_LITERAL_NULL_CONVERSION = YES;
				CLANG_WARN_OBJC_IMPLICIT_RETAIN_SELF = YES;
				CLANG_WARN_OBJC_LITERAL_CONVERSION = YES;
				CLANG_WARN_OBJC_ROOT_CLASS = YES_ERROR;
				CLANG_WARN_QUOTED_INCLUDE_IN_FRAMEWORK_HEADER = YES;
				CLANG_WARN_RANGE_LOOP_ANALYSIS = YES;
				CLANG_WARN_STRICT_PROTOTYPES = YES;
				CLANG_WARN_SUSPICIOUS_MOVE = YES;
				CLANG_WARN_UNGUARDED_AVAILABILITY = YES_AGGRESSIVE;
				CLANG_WARN_UNREACHABLE_CODE = YES;
				CLANG_WARN__DUPLICATE_METHOD_MATCH = YES;
				COPY_PHASE_STRIP = NO;
				DEBUG_INFORMATION_FORMAT = "dwarf-with-dsym";
				ENABLE_NS_ASSERTIONS = NO;
				ENABLE_STRICT_OBJC_MSGSEND = YES;
				ENABLE_USER_SCRIPT_SANDBOXING = YES;
				GCC_C_LANGUAGE_STANDARD = gnu17;
				GCC_NO_COMMON_BLOCKS = YES;
				GCC_WARN_64_TO_32_BIT_CONVERSION = YES;
				GCC_WARN_ABOUT_RETURN_TYPE = YES_ERROR;
				GCC_WARN_UNDECLARED_SELECTOR = YES;
				GCC_WARN_UNINITIALIZED_AUTOS = YES_AGGRESSIVE;
				GCC_WARN_UNUSED_FUNCTION = YES;
				GCC_WARN_UNUSED_VARIABLE = YES;
				IPHONEOS_DEPLOYMENT_TARGET = 17.0;
				LOCALIZATION_PREFERS_STRING_CATALOGS = YES;
				MTL_ENABLE_DEBUG_INFO = NO;
				MTL_FAST_MATH = YES;
				SDKROOT = iphoneos;
				SWIFT_COMPILATION_MODE = wholemodule;
				VALIDATE_PRODUCT = YES;
			};
			name = Release;
		};
		1A92C1F12B0ED503009C4F0F /* Debug */ = {
			isa = XCBuildConfiguration;
			buildSettings = {
				ASSETCATALOG_COMPILER_APPICON_NAME = AppIcon;
				ASSETCATALOG_COMPILER_GLOBAL_ACCENT_COLOR_NAME = AccentColor;
				CODE_SIGN_STYLE = Automatic;
				CURRENT_PROJECT_VERSION = 1;
				DEVELOPMENT_TEAM = PHG6N4C833;
				GENERATE_INFOPLIST_FILE = YES;
				INFOPLIST_FILE = iContact/Info.plist;
				INFOPLIST_KEY_UIApplicationSupportsIndirectInputEvents = YES;
				INFOPLIST_KEY_UILaunchStoryboardName = LaunchScreen;
				INFOPLIST_KEY_UIMainStoryboardFile = Main;
				INFOPLIST_KEY_UISupportedInterfaceOrientations_iPad = "UIInterfaceOrientationPortrait UIInterfaceOrientationPortraitUpsideDown UIInterfaceOrientationLandscapeLeft UIInterfaceOrientationLandscapeRight";
				INFOPLIST_KEY_UISupportedInterfaceOrientations_iPhone = "UIInterfaceOrientationPortrait UIInterfaceOrientationLandscapeLeft UIInterfaceOrientationLandscapeRight";
				IPHONEOS_DEPLOYMENT_TARGET = 16.0;
				LD_RUNPATH_SEARCH_PATHS = (
					"$(inherited)",
					"@executable_path/Frameworks",
				);
				MARKETING_VERSION = 1.0;
				PRODUCT_BUNDLE_IDENTIFIER = com.elzhankk.iContact;
				PRODUCT_NAME = "$(TARGET_NAME)";
				SWIFT_EMIT_LOC_STRINGS = YES;
				SWIFT_VERSION = 5.0;
				TARGETED_DEVICE_FAMILY = "1,2";
			};
			name = Debug;
		};
		1A92C1F22B0ED503009C4F0F /* Release */ = {
			isa = XCBuildConfiguration;
			buildSettings = {
				ASSETCATALOG_COMPILER_APPICON_NAME = AppIcon;
				ASSETCATALOG_COMPILER_GLOBAL_ACCENT_COLOR_NAME = AccentColor;
				CODE_SIGN_STYLE = Automatic;
				CURRENT_PROJECT_VERSION = 1;
				DEVELOPMENT_TEAM = PHG6N4C833;
				GENERATE_INFOPLIST_FILE = YES;
				INFOPLIST_FILE = iContact/Info.plist;
				INFOPLIST_KEY_UIApplicationSupportsIndirectInputEvents = YES;
				INFOPLIST_KEY_UILaunchStoryboardName = LaunchScreen;
				INFOPLIST_KEY_UIMainStoryboardFile = Main;
				INFOPLIST_KEY_UISupportedInterfaceOrientations_iPad = "UIInterfaceOrientationPortrait UIInterfaceOrientationPortraitUpsideDown UIInterfaceOrientationLandscapeLeft UIInterfaceOrientationLandscapeRight";
				INFOPLIST_KEY_UISupportedInterfaceOrientations_iPhone = "UIInterfaceOrientationPortrait UIInterfaceOrientationLandscapeLeft UIInterfaceOrientationLandscapeRight";
				IPHONEOS_DEPLOYMENT_TARGET = 16.0;
				LD_RUNPATH_SEARCH_PATHS = (
					"$(inherited)",
					"@executable_path/Frameworks",
				);
				MARKETING_VERSION = 1.0;
				PRODUCT_BUNDLE_IDENTIFIER = com.elzhankk.iContact;
				PRODUCT_NAME = "$(TARGET_NAME)";
				SWIFT_EMIT_LOC_STRINGS = YES;
				SWIFT_VERSION = 5.0;
				TARGETED_DEVICE_FAMILY = "1,2";
			};
			name = Release;
		};
/* End XCBuildConfiguration section */

/* Begin XCConfigurationList section */
		1A92C1D72B0ED502009C4F0F /* Build configuration list for PBXProject "iContact" */ = {
			isa = XCConfigurationList;
			buildConfigurations = (
				1A92C1EE2B0ED503009C4F0F /* Debug */,
				1A92C1EF2B0ED503009C4F0F /* Release */,
			);
			defaultConfigurationIsVisible = 0;
			defaultConfigurationName = Release;
		};
		1A92C1F02B0ED503009C4F0F /* Build configuration list for PBXNativeTarget "iContact" */ = {
			isa = XCConfigurationList;
			buildConfigurations = (
				1A92C1F12B0ED503009C4F0F /* Debug */,
				1A92C1F22B0ED503009C4F0F /* Release */,
			);
			defaultConfigurationIsVisible = 0;
			defaultConfigurationName = Release;
		};
/* End XCConfigurationList section */
	};
	rootObject = 1A92C1D42B0ED502009C4F0F /* Project object */;
}
